
Microsoft Visual Studio Solution File, Format Version 12.00
# Visual Studio Version 17
VisualStudioVersion = 17.11.35327.3
MinimumVisualStudioVersion = 10.0.40219.1
Project("{9A19103F-16F7-4668-BE54-9A1E7A4F7556}") = "MeterReadingsApi", "MeterReadingsApi\MeterReadingsApi.csproj", "{74DB8F33-44A6-4CB4-A15C-85F5F5BEC048}"
EndProject
Project("{00D1A9C2-B5F0-4AF3-8072-F6C62B433612}") = "MeterReadingsDB", "MeterReadingsDB\MeterReadingsDB.sqlproj", "{EFDC4B93-D534-40BE-A4A7-89066E392E3A}"
EndProject
Project("{9A19103F-16F7-4668-BE54-9A1E7A4F7556}") = "MeterReadingsDataAccess", "MeterReadingsDataAccess\MeterReadingsDataAccess.csproj", "{E46359BB-EDC7-4E96-893D-85231EF815B6}"
EndProject
Project("{FAE04EC0-301F-11D3-BF4B-00C04F79EFBC}") = "MeterReadingApiTests", "MeterReadingApiTests\MeterReadingApiTests.csproj", "{EEA13393-3005-4196-AE9A-CEEC4AECCACA}"
EndProject
Global
	GlobalSection(SolutionConfigurationPlatforms) = preSolution
		Debug|Any CPU = Debug|Any CPU
		Release|Any CPU = Release|Any CPU
	EndGlobalSection
	GlobalSection(ProjectConfigurationPlatforms) = postSolution
		{74DB8F33-44A6-4CB4-A15C-85F5F5BEC048}.Debug|Any CPU.ActiveCfg = Debug|Any CPU
		{74DB8F33-44A6-4CB4-A15C-85F5F5BEC048}.Debug|Any CPU.Build.0 = Debug|Any CPU
		{74DB8F33-44A6-4CB4-A15C-85F5F5BEC048}.Release|Any CPU.ActiveCfg = Release|Any CPU
		{74DB8F33-44A6-4CB4-A15C-85F5F5BEC048}.Release|Any CPU.Build.0 = Release|Any CPU
		{EFDC4B93-D534-40BE-A4A7-89066E392E3A}.Debug|Any CPU.ActiveCfg = Debug|Any CPU
		{EFDC4B93-D534-40BE-A4A7-89066E392E3A}.Debug|Any CPU.Build.0 = Debug|Any CPU
		{EFDC4B93-D534-40BE-A4A7-89066E392E3A}.Debug|Any CPU.Deploy.0 = Debug|Any CPU
		{EFDC4B93-D534-40BE-A4A7-89066E392E3A}.Release|Any CPU.ActiveCfg = Release|Any CPU
		{EFDC4B93-D534-40BE-A4A7-89066E392E3A}.Release|Any CPU.Build.0 = Release|Any CPU
		{EFDC4B93-D534-40BE-A4A7-89066E392E3A}.Release|Any CPU.Deploy.0 = Release|Any CPU
		{E46359BB-EDC7-4E96-893D-85231EF815B6}.Debug|Any CPU.ActiveCfg = Debug|Any CPU
		{E46359BB-EDC7-4E96-893D-85231EF815B6}.Debug|Any CPU.Build.0 = Debug|Any CPU
		{E46359BB-EDC7-4E96-893D-85231EF815B6}.Release|Any CPU.ActiveCfg = Release|Any CPU
		{E46359BB-EDC7-4E96-893D-85231EF815B6}.Release|Any CPU.Build.0 = Release|Any CPU
		{EEA13393-3005-4196-AE9A-CEEC4AECCACA}.Debug|Any CPU.ActiveCfg = Debug|Any CPU
		{EEA13393-3005-4196-AE9A-CEEC4AECCACA}.Debug|Any CPU.Build.0 = Debug|Any CPU
		{EEA13393-3005-4196-AE9A-CEEC4AECCACA}.Release|Any CPU.ActiveCfg = Release|Any CPU
		{EEA13393-3005-4196-AE9A-CEEC4AECCACA}.Release|Any CPU.Build.0 = Release|Any CPU
	EndGlobalSection
	GlobalSection(SolutionProperties) = preSolution
		HideSolutionNode = FALSE
	EndGlobalSection
	GlobalSection(ExtensibilityGlobals) = postSolution
		SolutionGuid = {72124F09-FE52-4DF8-84B1-431CBDB35D28}
	EndGlobalSection
EndGlobal
